
Microsoft Visual Studio Solution File, Format Version 12.00
# Visual Studio Version 17
VisualStudioVersion = 17.14.36518.9 d17.14
MinimumVisualStudioVersion = 10.0.40219.1
Project("{2150E333-8FDC-42A3-9474-1A3956D46DE8}") = "Task0", "Task0", "{02EA681E-C7D8-13C7-8484-4AC65E1B71E8}"
EndProject
Project("{FAE04EC0-301F-11D3-BF4B-00C04F79EFBC}") = "Tyuiu.KoryakinaAE.Sprint2.Task0.V26", "Tyuiu.KoryakinaAE.Sprint2.Task0.V26\Tyuiu.KoryakinaAE.Sprint2.Task0.V26.csproj", "{B599E5ED-C5EE-4D39-B42E-EC47103C6D62}"
EndProject
Project("{FAE04EC0-301F-11D3-BF4B-00C04F79EFBC}") = "Tyuiu.KoryakinaAE.Sprint2.Task0.V26.Lib", "Tyuiu.KoryakinaAE.Sprint2.Task0.V26.Lib\Tyuiu.KoryakinaAE.Sprint2.Task0.V26.Lib.csproj", "{5647C0E5-5083-4DB0-A63A-D96F79E4A999}"
EndProject
Project("{FAE04EC0-301F-11D3-BF4B-00C04F79EFBC}") = "Tyuiu.KoryakinaAE.Sprint2.Task0.V26.Test", "Tyuiu.KoryakinaAE.Sprint2.Task0.V26.Test\Tyuiu.KoryakinaAE.Sprint2.Task0.V26.Test.csproj", "{B584DAE3-25F3-4B73-8D30-B4FB500363AC}"
EndProject
Global
	GlobalSection(SolutionConfigurationPlatforms) = preSolution
		Debug|Any CPU = Debug|Any CPU
		Release|Any CPU = Release|Any CPU
	EndGlobalSection
	GlobalSection(ProjectConfigurationPlatforms) = postSolution
		{B599E5ED-C5EE-4D39-B42E-EC47103C6D62}.Debug|Any CPU.ActiveCfg = Debug|Any CPU
		{B599E5ED-C5EE-4D39-B42E-EC47103C6D62}.Debug|Any CPU.Build.0 = Debug|Any CPU
		{B599E5ED-C5EE-4D39-B42E-EC47103C6D62}.Release|Any CPU.ActiveCfg = Release|Any CPU
		{B599E5ED-C5EE-4D39-B42E-EC47103C6D62}.Release|Any CPU.Build.0 = Release|Any CPU
		{5647C0E5-5083-4DB0-A63A-D96F79E4A999}.Debug|Any CPU.ActiveCfg = Debug|Any CPU
		{5647C0E5-5083-4DB0-A63A-D96F79E4A999}.Debug|Any CPU.Build.0 = Debug|Any CPU
		{5647C0E5-5083-4DB0-A63A-D96F79E4A999}.Release|Any CPU.ActiveCfg = Release|Any CPU
		{5647C0E5-5083-4DB0-A63A-D96F79E4A999}.Release|Any CPU.Build.0 = Release|Any CPU
		{B584DAE3-25F3-4B73-8D30-B4FB500363AC}.Debug|Any CPU.ActiveCfg = Debug|Any CPU
		{B584DAE3-25F3-4B73-8D30-B4FB500363AC}.Debug|Any CPU.Build.0 = Debug|Any CPU
		{B584DAE3-25F3-4B73-8D30-B4FB500363AC}.Release|Any CPU.ActiveCfg = Release|Any CPU
		{B584DAE3-25F3-4B73-8D30-B4FB500363AC}.Release|Any CPU.Build.0 = Release|Any CPU
	EndGlobalSection
	GlobalSection(SolutionProperties) = preSolution
		HideSolutionNode = FALSE
	EndGlobalSection
	GlobalSection(NestedProjects) = preSolution
		{B599E5ED-C5EE-4D39-B42E-EC47103C6D62} = {02EA681E-C7D8-13C7-8484-4AC65E1B71E8}
		{5647C0E5-5083-4DB0-A63A-D96F79E4A999} = {02EA681E-C7D8-13C7-8484-4AC65E1B71E8}
		{B584DAE3-25F3-4B73-8D30-B4FB500363AC} = {02EA681E-C7D8-13C7-8484-4AC65E1B71E8}
	EndGlobalSection
	GlobalSection(ExtensibilityGlobals) = postSolution
		SolutionGuid = {A2C4801D-F61E-4C33-8DCC-47BDAAEB0F4A}
	EndGlobalSection
EndGlobal
