
Microsoft Visual Studio Solution File, Format Version 12.00
# Visual Studio Version 17
VisualStudioVersion = 17.14.36518.9
MinimumVisualStudioVersion = 10.0.40219.1
Project("{2150E333-8FDC-42A3-9474-1A3956D46DE8}") = "Task0", "Task0", "{02EA681E-C7D8-13C7-8484-4AC65E1B71E8}"
EndProject
Project("{FAE04EC0-301F-11D3-BF4B-00C04F79EFBC}") = "Tyuiu.KoryakinaAE.Sprint2.Task0.V26", "Tyuiu.KoryakinaAE.Sprint2.Task0.V26\Tyuiu.KoryakinaAE.Sprint2.Task0.V26.csproj", "{B599E5ED-C5EE-4D39-B42E-EC47103C6D62}"
EndProject
Project("{FAE04EC0-301F-11D3-BF4B-00C04F79EFBC}") = "Tyuiu.KoryakinaAE.Sprint2.Task0.V26.Lib", "Tyuiu.KoryakinaAE.Sprint2.Task0.V26.Lib\Tyuiu.KoryakinaAE.Sprint2.Task0.V26.Lib.csproj", "{5647C0E5-5083-4DB0-A63A-D96F79E4A999}"
EndProject
Project("{FAE04EC0-301F-11D3-BF4B-00C04F79EFBC}") = "Tyuiu.KoryakinaAE.Sprint2.Task0.V26.Test", "Tyuiu.KoryakinaAE.Sprint2.Task0.V26.Test\Tyuiu.KoryakinaAE.Sprint2.Task0.V26.Test.csproj", "{B584DAE3-25F3-4B73-8D30-B4FB500363AC}"
EndProject
Project("{2150E333-8FDC-42A3-9474-1A3956D46DE8}") = "Task1", "Task1", "{8D794AD7-0086-4E9A-B31C-0B1672F33DD6}"
EndProject
Project("{FAE04EC0-301F-11D3-BF4B-00C04F79EFBC}") = "Tyuiu.KoryakinaAE.Sprint2.Task1.V12", "Tyuiu.KoryakinaAE.Sprint2.Task1.V12\Tyuiu.KoryakinaAE.Sprint2.Task1.V12.csproj", "{5D0CEEEF-C34B-4EE3-B25A-D7C82CDDEEE9}"
EndProject
Project("{FAE04EC0-301F-11D3-BF4B-00C04F79EFBC}") = "Tyuiu.KoryakinaAE.Sprint2.Task1.V12.Lib", "Tyuiu.KoryakinaAE.Sprint2.Task1.V12.Lib\Tyuiu.KoryakinaAE.Sprint2.Task1.V12.Lib.csproj", "{9E67A964-C6AD-44AB-86B0-08234EAD8FF9}"
EndProject
Project("{FAE04EC0-301F-11D3-BF4B-00C04F79EFBC}") = "Tyuiu.KoryakinaAE.Sprint2.Task1.V12.Test", "Tyuiu.KoryakinaAE.Sprint2.Task1.V12.Test\Tyuiu.KoryakinaAE.Sprint2.Task1.V12.Test.csproj", "{A92980EC-4EE4-4A6C-8DE0-896B5F323259}"
EndProject
Project("{2150E333-8FDC-42A3-9474-1A3956D46DE8}") = "Task2", "Task2", "{6A253683-C31B-47FA-9D33-C076D32B5E94}"
EndProject
Project("{FAE04EC0-301F-11D3-BF4B-00C04F79EFBC}") = "Tyuiu.KoryakinaAE.Sprint2.Task2.V3", "Tyuiu.KoryakinaAE.Sprint2.Task2.V3\Tyuiu.KoryakinaAE.Sprint2.Task2.V3.csproj", "{BA546A29-58C1-4180-8E71-473196D64352}"
EndProject
Project("{FAE04EC0-301F-11D3-BF4B-00C04F79EFBC}") = "Tyuiu.KoryakinaAE.Sprint2.Task2.V3.Lib", "Tyuiu.KoryakinaAE.Sprint2.Task2.V3.Lib\Tyuiu.KoryakinaAE.Sprint2.Task2.V3.Lib.csproj", "{81C13C5D-76F7-4DBD-96E9-F151062AC155}"
EndProject
Project("{FAE04EC0-301F-11D3-BF4B-00C04F79EFBC}") = "Tyuiu.KoryakinaAE.Sprint2.Task2.V3.Test", "Tyuiu.KoryakinaAE.Sprint2.Task2.V3.Test\Tyuiu.KoryakinaAE.Sprint2.Task2.V3.Test.csproj", "{129621BE-9E67-47DD-9228-011BBF595A00}"
EndProject
Project("{2150E333-8FDC-42A3-9474-1A3956D46DE8}") = "Task3", "Task3", "{B1D6D242-E379-4396-B026-C92CDA08F3FA}"
EndProject
Project("{FAE04EC0-301F-11D3-BF4B-00C04F79EFBC}") = "Tyuiu.KoryakinaAE.Sprint2.Task3.V27", "Tyuiu.KoryakinaAE.Sprint2.Task3.V27\Tyuiu.KoryakinaAE.Sprint2.Task3.V27.csproj", "{B21B0554-0E6A-4E00-B964-3532FE620C12}"
EndProject
Project("{FAE04EC0-301F-11D3-BF4B-00C04F79EFBC}") = "Tyuiu.KoryakinaAE.Sprint2.Task3.V27.Lib", "Tyuiu.KoryakinaAE.Sprint2.Task3.V27.Lib\Tyuiu.KoryakinaAE.Sprint2.Task3.V27.Lib.csproj", "{9C334A21-77CC-4964-B249-D8CAF9BF20EF}"
EndProject
Project("{FAE04EC0-301F-11D3-BF4B-00C04F79EFBC}") = "Tyuiu.KoryakinaAE.Sprint2.Task3.V27.Test", "Tyuiu.KoryakinaAE.Sprint2.Task3.V27.Test\Tyuiu.KoryakinaAE.Sprint2.Task3.V27.Test.csproj", "{E694135C-49F0-4644-BEDF-B95D548C4D4B}"
EndProject
Project("{2150E333-8FDC-42A3-9474-1A3956D46DE8}") = "Task4", "Task4", "{D1B63B3B-190E-43F6-B683-13D3EF68F98C}"
EndProject
Project("{FAE04EC0-301F-11D3-BF4B-00C04F79EFBC}") = "Tyuiu.KoryakinaAE.Sprint2.Task4.V18", "Tyuiu.KoryakinaAE.Sprint2.Task4.V18\Tyuiu.KoryakinaAE.Sprint2.Task4.V18.csproj", "{036C793E-23F0-4F5C-8FC6-C21312B34F4B}"
EndProject
Project("{FAE04EC0-301F-11D3-BF4B-00C04F79EFBC}") = "Tyuiu.KoryakinaAE.Sprint2.Task4.V18.Lib", "Tyuiu.KoryakinaAE.Sprint2.Task4.V18.Lib\Tyuiu.KoryakinaAE.Sprint2.Task4.V18.Lib.csproj", "{B3763AC5-CCBC-4B5E-8BD2-4D2D6EFA1586}"
EndProject
Project("{FAE04EC0-301F-11D3-BF4B-00C04F79EFBC}") = "Tyuiu.KoryakinaAE.Sprint2.Task4.V18.Test", "Tyuiu.KoryakinaAE.Sprint2.Task4.V18.Test\Tyuiu.KoryakinaAE.Sprint2.Task4.V18.Test.csproj", "{495F9E6A-711F-47B1-8A24-7AB758388BF8}"
EndProject
Project("{2150E333-8FDC-42A3-9474-1A3956D46DE8}") = "Task5", "Task5", "{0AA6383F-F11C-4618-9587-C500A3AB28C5}"
EndProject
Project("{FAE04EC0-301F-11D3-BF4B-00C04F79EFBC}") = "Tyuiu.KoryakinaAE.Sprint2.Task5.V5", "Tyuiu.KoryakinaAE.Sprint2.Task5.V5\Tyuiu.KoryakinaAE.Sprint2.Task5.V5.csproj", "{9AEFFFD9-698F-466A-9681-0EAD0CCD3030}"
EndProject
Project("{FAE04EC0-301F-11D3-BF4B-00C04F79EFBC}") = "Tyuiu.KoryakinaAE.Sprint2.Task5.V5.Lib", "Tyuiu.KoryakinaAE.Sprint2.Task5.V5.Lib\Tyuiu.KoryakinaAE.Sprint2.Task5.V5.Lib.csproj", "{213558BF-DF40-4D53-9A1E-02D3E1834642}"
EndProject
Project("{FAE04EC0-301F-11D3-BF4B-00C04F79EFBC}") = "Tyuiu.KoryakinaAE.Sprint2.Task5.V5.Test", "Tyuiu.KoryakinaAE.Sprint2.Task5.V5.Test\Tyuiu.KoryakinaAE.Sprint2.Task5.V5.Test.csproj", "{F1DB6B01-5739-43C8-A228-4497FF307CA4}"
EndProject
Global
	GlobalSection(SolutionConfigurationPlatforms) = preSolution
		Debug|Any CPU = Debug|Any CPU
		Release|Any CPU = Release|Any CPU
	EndGlobalSection
	GlobalSection(ProjectConfigurationPlatforms) = postSolution
		{B599E5ED-C5EE-4D39-B42E-EC47103C6D62}.Debug|Any CPU.ActiveCfg = Debug|Any CPU
		{B599E5ED-C5EE-4D39-B42E-EC47103C6D62}.Debug|Any CPU.Build.0 = Debug|Any CPU
		{B599E5ED-C5EE-4D39-B42E-EC47103C6D62}.Release|Any CPU.ActiveCfg = Release|Any CPU
		{B599E5ED-C5EE-4D39-B42E-EC47103C6D62}.Release|Any CPU.Build.0 = Release|Any CPU
		{5647C0E5-5083-4DB0-A63A-D96F79E4A999}.Debug|Any CPU.ActiveCfg = Debug|Any CPU
		{5647C0E5-5083-4DB0-A63A-D96F79E4A999}.Debug|Any CPU.Build.0 = Debug|Any CPU
		{5647C0E5-5083-4DB0-A63A-D96F79E4A999}.Release|Any CPU.ActiveCfg = Release|Any CPU
		{5647C0E5-5083-4DB0-A63A-D96F79E4A999}.Release|Any CPU.Build.0 = Release|Any CPU
		{B584DAE3-25F3-4B73-8D30-B4FB500363AC}.Debug|Any CPU.ActiveCfg = Debug|Any CPU
		{B584DAE3-25F3-4B73-8D30-B4FB500363AC}.Debug|Any CPU.Build.0 = Debug|Any CPU
		{B584DAE3-25F3-4B73-8D30-B4FB500363AC}.Release|Any CPU.ActiveCfg = Release|Any CPU
		{B584DAE3-25F3-4B73-8D30-B4FB500363AC}.Release|Any CPU.Build.0 = Release|Any CPU
		{5D0CEEEF-C34B-4EE3-B25A-D7C82CDDEEE9}.Debug|Any CPU.ActiveCfg = Debug|Any CPU
		{5D0CEEEF-C34B-4EE3-B25A-D7C82CDDEEE9}.Debug|Any CPU.Build.0 = Debug|Any CPU
		{5D0CEEEF-C34B-4EE3-B25A-D7C82CDDEEE9}.Release|Any CPU.ActiveCfg = Release|Any CPU
		{5D0CEEEF-C34B-4EE3-B25A-D7C82CDDEEE9}.Release|Any CPU.Build.0 = Release|Any CPU
		{9E67A964-C6AD-44AB-86B0-08234EAD8FF9}.Debug|Any CPU.ActiveCfg = Debug|Any CPU
		{9E67A964-C6AD-44AB-86B0-08234EAD8FF9}.Debug|Any CPU.Build.0 = Debug|Any CPU
		{9E67A964-C6AD-44AB-86B0-08234EAD8FF9}.Release|Any CPU.ActiveCfg = Release|Any CPU
		{9E67A964-C6AD-44AB-86B0-08234EAD8FF9}.Release|Any CPU.Build.0 = Release|Any CPU
		{A92980EC-4EE4-4A6C-8DE0-896B5F323259}.Debug|Any CPU.ActiveCfg = Debug|Any CPU
		{A92980EC-4EE4-4A6C-8DE0-896B5F323259}.Debug|Any CPU.Build.0 = Debug|Any CPU
		{A92980EC-4EE4-4A6C-8DE0-896B5F323259}.Release|Any CPU.ActiveCfg = Release|Any CPU
		{A92980EC-4EE4-4A6C-8DE0-896B5F323259}.Release|Any CPU.Build.0 = Release|Any CPU
		{BA546A29-58C1-4180-8E71-473196D64352}.Debug|Any CPU.ActiveCfg = Debug|Any CPU
		{BA546A29-58C1-4180-8E71-473196D64352}.Debug|Any CPU.Build.0 = Debug|Any CPU
		{BA546A29-58C1-4180-8E71-473196D64352}.Release|Any CPU.ActiveCfg = Release|Any CPU
		{BA546A29-58C1-4180-8E71-473196D64352}.Release|Any CPU.Build.0 = Release|Any CPU
		{81C13C5D-76F7-4DBD-96E9-F151062AC155}.Debug|Any CPU.ActiveCfg = Debug|Any CPU
		{81C13C5D-76F7-4DBD-96E9-F151062AC155}.Debug|Any CPU.Build.0 = Debug|Any CPU
		{81C13C5D-76F7-4DBD-96E9-F151062AC155}.Release|Any CPU.ActiveCfg = Release|Any CPU
		{81C13C5D-76F7-4DBD-96E9-F151062AC155}.Release|Any CPU.Build.0 = Release|Any CPU
		{129621BE-9E67-47DD-9228-011BBF595A00}.Debug|Any CPU.ActiveCfg = Debug|Any CPU
		{129621BE-9E67-47DD-9228-011BBF595A00}.Debug|Any CPU.Build.0 = Debug|Any CPU
		{129621BE-9E67-47DD-9228-011BBF595A00}.Release|Any CPU.ActiveCfg = Release|Any CPU
		{129621BE-9E67-47DD-9228-011BBF595A00}.Release|Any CPU.Build.0 = Release|Any CPU
		{B21B0554-0E6A-4E00-B964-3532FE620C12}.Debug|Any CPU.ActiveCfg = Debug|Any CPU
		{B21B0554-0E6A-4E00-B964-3532FE620C12}.Debug|Any CPU.Build.0 = Debug|Any CPU
		{B21B0554-0E6A-4E00-B964-3532FE620C12}.Release|Any CPU.ActiveCfg = Release|Any CPU
		{B21B0554-0E6A-4E00-B964-3532FE620C12}.Release|Any CPU.Build.0 = Release|Any CPU
		{9C334A21-77CC-4964-B249-D8CAF9BF20EF}.Debug|Any CPU.ActiveCfg = Debug|Any CPU
		{9C334A21-77CC-4964-B249-D8CAF9BF20EF}.Debug|Any CPU.Build.0 = Debug|Any CPU
		{9C334A21-77CC-4964-B249-D8CAF9BF20EF}.Release|Any CPU.ActiveCfg = Release|Any CPU
		{9C334A21-77CC-4964-B249-D8CAF9BF20EF}.Release|Any CPU.Build.0 = Release|Any CPU
		{E694135C-49F0-4644-BEDF-B95D548C4D4B}.Debug|Any CPU.ActiveCfg = Debug|Any CPU
		{E694135C-49F0-4644-BEDF-B95D548C4D4B}.Debug|Any CPU.Build.0 = Debug|Any CPU
		{E694135C-49F0-4644-BEDF-B95D548C4D4B}.Release|Any CPU.ActiveCfg = Release|Any CPU
		{E694135C-49F0-4644-BEDF-B95D548C4D4B}.Release|Any CPU.Build.0 = Release|Any CPU
		{036C793E-23F0-4F5C-8FC6-C21312B34F4B}.Debug|Any CPU.ActiveCfg = Debug|Any CPU
		{036C793E-23F0-4F5C-8FC6-C21312B34F4B}.Debug|Any CPU.Build.0 = Debug|Any CPU
		{036C793E-23F0-4F5C-8FC6-C21312B34F4B}.Release|Any CPU.ActiveCfg = Release|Any CPU
		{036C793E-23F0-4F5C-8FC6-C21312B34F4B}.Release|Any CPU.Build.0 = Release|Any CPU
		{B3763AC5-CCBC-4B5E-8BD2-4D2D6EFA1586}.Debug|Any CPU.ActiveCfg = Debug|Any CPU
		{B3763AC5-CCBC-4B5E-8BD2-4D2D6EFA1586}.Debug|Any CPU.Build.0 = Debug|Any CPU
		{B3763AC5-CCBC-4B5E-8BD2-4D2D6EFA1586}.Release|Any CPU.ActiveCfg = Release|Any CPU
		{B3763AC5-CCBC-4B5E-8BD2-4D2D6EFA1586}.Release|Any CPU.Build.0 = Release|Any CPU
		{495F9E6A-711F-47B1-8A24-7AB758388BF8}.Debug|Any CPU.ActiveCfg = Debug|Any CPU
		{495F9E6A-711F-47B1-8A24-7AB758388BF8}.Debug|Any CPU.Build.0 = Debug|Any CPU
		{495F9E6A-711F-47B1-8A24-7AB758388BF8}.Release|Any CPU.ActiveCfg = Release|Any CPU
		{495F9E6A-711F-47B1-8A24-7AB758388BF8}.Release|Any CPU.Build.0 = Release|Any CPU
		{9AEFFFD9-698F-466A-9681-0EAD0CCD3030}.Debug|Any CPU.ActiveCfg = Debug|Any CPU
		{9AEFFFD9-698F-466A-9681-0EAD0CCD3030}.Debug|Any CPU.Build.0 = Debug|Any CPU
		{9AEFFFD9-698F-466A-9681-0EAD0CCD3030}.Release|Any CPU.ActiveCfg = Release|Any CPU
		{9AEFFFD9-698F-466A-9681-0EAD0CCD3030}.Release|Any CPU.Build.0 = Release|Any CPU
		{213558BF-DF40-4D53-9A1E-02D3E1834642}.Debug|Any CPU.ActiveCfg = Debug|Any CPU
		{213558BF-DF40-4D53-9A1E-02D3E1834642}.Debug|Any CPU.Build.0 = Debug|Any CPU
		{213558BF-DF40-4D53-9A1E-02D3E1834642}.Release|Any CPU.ActiveCfg = Release|Any CPU
		{213558BF-DF40-4D53-9A1E-02D3E1834642}.Release|Any CPU.Build.0 = Release|Any CPU
		{F1DB6B01-5739-43C8-A228-4497FF307CA4}.Debug|Any CPU.ActiveCfg = Debug|Any CPU
		{F1DB6B01-5739-43C8-A228-4497FF307CA4}.Debug|Any CPU.Build.0 = Debug|Any CPU
		{F1DB6B01-5739-43C8-A228-4497FF307CA4}.Release|Any CPU.ActiveCfg = Release|Any CPU
		{F1DB6B01-5739-43C8-A228-4497FF307CA4}.Release|Any CPU.Build.0 = Release|Any CPU
	EndGlobalSection
	GlobalSection(SolutionProperties) = preSolution
		HideSolutionNode = FALSE
	EndGlobalSection
	GlobalSection(NestedProjects) = preSolution
		{B599E5ED-C5EE-4D39-B42E-EC47103C6D62} = {02EA681E-C7D8-13C7-8484-4AC65E1B71E8}
		{5647C0E5-5083-4DB0-A63A-D96F79E4A999} = {02EA681E-C7D8-13C7-8484-4AC65E1B71E8}
		{B584DAE3-25F3-4B73-8D30-B4FB500363AC} = {02EA681E-C7D8-13C7-8484-4AC65E1B71E8}
		{5D0CEEEF-C34B-4EE3-B25A-D7C82CDDEEE9} = {8D794AD7-0086-4E9A-B31C-0B1672F33DD6}
		{9E67A964-C6AD-44AB-86B0-08234EAD8FF9} = {8D794AD7-0086-4E9A-B31C-0B1672F33DD6}
		{A92980EC-4EE4-4A6C-8DE0-896B5F323259} = {8D794AD7-0086-4E9A-B31C-0B1672F33DD6}
		{BA546A29-58C1-4180-8E71-473196D64352} = {6A253683-C31B-47FA-9D33-C076D32B5E94}
		{81C13C5D-76F7-4DBD-96E9-F151062AC155} = {6A253683-C31B-47FA-9D33-C076D32B5E94}
		{129621BE-9E67-47DD-9228-011BBF595A00} = {6A253683-C31B-47FA-9D33-C076D32B5E94}
		{B21B0554-0E6A-4E00-B964-3532FE620C12} = {B1D6D242-E379-4396-B026-C92CDA08F3FA}
		{9C334A21-77CC-4964-B249-D8CAF9BF20EF} = {B1D6D242-E379-4396-B026-C92CDA08F3FA}
		{E694135C-49F0-4644-BEDF-B95D548C4D4B} = {B1D6D242-E379-4396-B026-C92CDA08F3FA}
		{036C793E-23F0-4F5C-8FC6-C21312B34F4B} = {D1B63B3B-190E-43F6-B683-13D3EF68F98C}
		{B3763AC5-CCBC-4B5E-8BD2-4D2D6EFA1586} = {D1B63B3B-190E-43F6-B683-13D3EF68F98C}
		{495F9E6A-711F-47B1-8A24-7AB758388BF8} = {D1B63B3B-190E-43F6-B683-13D3EF68F98C}
		{9AEFFFD9-698F-466A-9681-0EAD0CCD3030} = {0AA6383F-F11C-4618-9587-C500A3AB28C5}
		{213558BF-DF40-4D53-9A1E-02D3E1834642} = {0AA6383F-F11C-4618-9587-C500A3AB28C5}
		{F1DB6B01-5739-43C8-A228-4497FF307CA4} = {0AA6383F-F11C-4618-9587-C500A3AB28C5}
	EndGlobalSection
	GlobalSection(ExtensibilityGlobals) = postSolution
		SolutionGuid = {A2C4801D-F61E-4C33-8DCC-47BDAAEB0F4A}
	EndGlobalSection
EndGlobal
